
Microsoft Visual Studio Solution File, Format Version 12.00
# Visual Studio Version 16
VisualStudioVersion = 16.0.31911.196
MinimumVisualStudioVersion = 10.0.40219.1
Project("{D954291E-2A0B-460D-934E-DC6B0785DB48}") = "TaskScheduler2", "TaskScheduler2.shproj", "{2CF1E92B-32E3-4FF6-9A09-1E57436B6E97}"
EndProject
Global
	GlobalSection(SharedMSBuildProjectFiles) = preSolution
		TaskScheduler2.projitems*{2cf1e92b-32e3-4ff6-9a09-1e57436b6e97}*SharedItemsImports = 13
	EndGlobalSection
	GlobalSection(SolutionConfigurationPlatforms) = preSolution
		Debug|x64 = Debug|x64
	EndGlobalSection
	GlobalSection(SolutionProperties) = preSolution
		HideSolutionNode = FALSE
	EndGlobalSection
	GlobalSection(ExtensibilityGlobals) = postSolution
		SolutionGuid = {17AC2997-F983-4944-A8E9-D4A7B40636DA}
	EndGlobalSection
EndGlobal
